{
  "name": "zbase32-test",
  "version": "1.0.0",
  "lockfileVersion": 3,
  "requires": true,
  "packages": {
    "": {
      "name": "zbase32-test",
      "version": "1.0.0",
      "license": "ISC",
      "dependencies": {
        "zbase32": "^2.0.1"
      }
    },
    "node_modules/zbase32": {
      "version": "2.0.1",
      "resolved": "https://registry.npmjs.org/zbase32/-/zbase32-2.0.1.tgz",
      "integrity": "sha512-dwwObMo3517+o0EW5rgecCwKRXIQFUyTKxpB/GY1Dpx7HL1KJffoLZp5af+bMZe6uxDMTKiMqfGSSwdoRic56g=="
    }
  }
}
